PODS:
  - Kingfisher (4.6.3)
  - SwiftyJSON (4.0.0)

DEPENDENCIES:
  - Kingfisher (~> 4.0)
  - SwiftyJSON (~> 4.0)

SPEC REPOS:
  https://github.com/CocoaPods/Specs.git:
    - Kingfisher
    - SwiftyJSON

SPEC CHECKSUMS:
  Kingfisher: 98e6d5b5e807645743e8ed5ececd25d688d38452
  SwiftyJSON: 070dabdcb1beb81b247c65ffa3a79dbbfb3b48aa

PODFILE CHECKSUM: 9690f3801f2f572e8c9e9328c1792feb0df79dee

COCOAPODS: 1.5.0
